
Microsoft Visual Studio Solution File, Format Version 12.00
# Visual Studio Version 17
VisualStudioVersion = 17.11.35312.102
MinimumVisualStudioVersion = 10.0.40219.1
Project("{FAE04EC0-301F-11D3-BF4B-00C04F79EFBC}") = "productMonitor", "productMonitor\productMonitor.csproj", "{F8046C9B-D9A4-4919-9DA1-DC7FB80AE707}"
EndProject
Global
	GlobalSection(SolutionConfigurationPlatforms) = preSolution
		Debug|Any CPU = Debug|Any CPU
		Release|Any CPU = Release|Any CPU
	EndGlobalSection
	GlobalSection(ProjectConfigurationPlatforms) = postSolution
		{F8046C9B-D9A4-4919-9DA1-DC7FB80AE707}.Debug|Any CPU.ActiveCfg = Debug|Any CPU
		{F8046C9B-D9A4-4919-9DA1-DC7FB80AE707}.Debug|Any CPU.Build.0 = Debug|Any CPU
		{F8046C9B-D9A4-4919-9DA1-DC7FB80AE707}.Release|Any CPU.ActiveCfg = Release|Any CPU
		{F8046C9B-D9A4-4919-9DA1-DC7FB80AE707}.Release|Any CPU.Build.0 = Release|Any CPU
	EndGlobalSection
	GlobalSection(SolutionProperties) = preSolution
		HideSolutionNode = FALSE
	EndGlobalSection
	GlobalSection(ExtensibilityGlobals) = postSolution
		SolutionGuid = {F7425E56-6A4B-4385-BE5B-F0631053D66E}
	EndGlobalSection
EndGlobal
